
Microsoft Visual Studio Solution File, Format Version 12.00
# Visual Studio Version 16
VisualStudioVersion = 16.0.29519.181
MinimumVisualStudioVersion = 10.0.40219.1
Project("{9A19103F-16F7-4668-BE54-9A1E7A4F7556}") = "Dfs.Reporting.Olap", "Dfs.Reporting.Olap.csproj", "{BE32AB9A-F2C2-4470-A9E9-16414AD7813F}"
EndProject
Global
	GlobalSection(SolutionConfigurationPlatforms) = preSolution
		Debug|Any CPU = Debug|Any CPU
		Release|Any CPU = Release|Any CPU
	EndGlobalSection
	GlobalSection(ProjectConfigurationPlatforms) = postSolution
		{BE32AB9A-F2C2-4470-A9E9-16414AD7813F}.Debug|Any CPU.ActiveCfg = Debug|Any CPU
		{BE32AB9A-F2C2-4470-A9E9-16414AD7813F}.Debug|Any CPU.Build.0 = Debug|Any CPU
		{BE32AB9A-F2C2-4470-A9E9-16414AD7813F}.Release|Any CPU.ActiveCfg = Release|Any CPU
		{BE32AB9A-F2C2-4470-A9E9-16414AD7813F}.Release|Any CPU.Build.0 = Release|Any CPU
	EndGlobalSection
	GlobalSection(SolutionProperties) = preSolution
		HideSolutionNode = FALSE
	EndGlobalSection
	GlobalSection(ExtensibilityGlobals) = postSolution
		SolutionGuid = {A9ED6452-5718-4BCB-88CC-2B07C3B580CE}
	EndGlobalSection
EndGlobal
